
Microsoft Visual Studio Solution File, Format Version 12.00
# Visual Studio Version 16
VisualStudioVersion = 16.0.30204.135
MinimumVisualStudioVersion = 10.0.40219.1
Project("{8BC9CEB8-8B4A-11D0-8D11-00A0C91BC942}") = "P.M.U.T", "P.M.U.T\P.M.U.T.vcxproj", "{6FF57CFE-3B50-4728-A573-5621D807EA27}"
EndProject
Project("{8BC9CEB8-8B4A-11D0-8D11-00A0C91BC942}") = "OGLConsole", "OGLConsole\OGLConsole.vcxproj", "{733C7B27-AF16-4648-87BA-CAFC05D80B20}"
EndProject
Project("{8BC9CEB8-8B4A-11D0-8D11-00A0C91BC942}") = "HLnet", "HLnet\HLnet.vcxproj", "{C91312CA-303A-40DA-8B30-73254138A13C}"
EndProject
Global
	GlobalSection(SolutionConfigurationPlatforms) = preSolution
		Debug|ARM = Debug|ARM
		Debug|ARM64 = Debug|ARM64
		Debug|Win32 = Debug|Win32
		Debug|x64 = Debug|x64
		Debug|x86 = Debug|x86
		Release|ARM = Release|ARM
		Release|ARM64 = Release|ARM64
		Release|Win32 = Release|Win32
		Release|x64 = Release|x64
		Release|x86 = Release|x86
	EndGlobalSection
	GlobalSection(ProjectConfigurationPlatforms) = postSolution
		{6FF57CFE-3B50-4728-A573-5621D807EA27}.Debug|ARM.ActiveCfg = Debug|ARM
		{6FF57CFE-3B50-4728-A573-5621D807EA27}.Debug|ARM.Build.0 = Debug|ARM
		{6FF57CFE-3B50-4728-A573-5621D807EA27}.Debug|ARM64.ActiveCfg = Debug|ARM64
		{6FF57CFE-3B50-4728-A573-5621D807EA27}.Debug|ARM64.Build.0 = Debug|ARM64
		{6FF57CFE-3B50-4728-A573-5621D807EA27}.Debug|Win32.ActiveCfg = Debug|Win32
		{6FF57CFE-3B50-4728-A573-5621D807EA27}.Debug|Win32.Build.0 = Debug|Win32
		{6FF57CFE-3B50-4728-A573-5621D807EA27}.Debug|x64.ActiveCfg = Debug|x64
		{6FF57CFE-3B50-4728-A573-5621D807EA27}.Debug|x64.Build.0 = Debug|x64
		{6FF57CFE-3B50-4728-A573-5621D807EA27}.Debug|x86.ActiveCfg = Debug|Win32
		{6FF57CFE-3B50-4728-A573-5621D807EA27}.Debug|x86.Build.0 = Debug|Win32
		{6FF57CFE-3B50-4728-A573-5621D807EA27}.Release|ARM.ActiveCfg = Release|ARM
		{6FF57CFE-3B50-4728-A573-5621D807EA27}.Release|ARM.Build.0 = Release|ARM
		{6FF57CFE-3B50-4728-A573-5621D807EA27}.Release|ARM64.ActiveCfg = Release|ARM64
		{6FF57CFE-3B50-4728-A573-5621D807EA27}.Release|ARM64.Build.0 = Release|ARM64
		{6FF57CFE-3B50-4728-A573-5621D807EA27}.Release|Win32.ActiveCfg = Release|Win32
		{6FF57CFE-3B50-4728-A573-5621D807EA27}.Release|Win32.Build.0 = Release|Win32
		{6FF57CFE-3B50-4728-A573-5621D807EA27}.Release|x64.ActiveCfg = Release|x64
		{6FF57CFE-3B50-4728-A573-5621D807EA27}.Release|x64.Build.0 = Release|x64
		{6FF57CFE-3B50-4728-A573-5621D807EA27}.Release|x86.ActiveCfg = Release|Win32
		{6FF57CFE-3B50-4728-A573-5621D807EA27}.Release|x86.Build.0 = Release|Win32
		{733C7B27-AF16-4648-87BA-CAFC05D80B20}.Debug|ARM.ActiveCfg = Debug|Win32
		{733C7B27-AF16-4648-87BA-CAFC05D80B20}.Debug|ARM64.ActiveCfg = Debug|Win32
		{733C7B27-AF16-4648-87BA-CAFC05D80B20}.Debug|Win32.ActiveCfg = Debug|Win32
		{733C7B27-AF16-4648-87BA-CAFC05D80B20}.Debug|Win32.Build.0 = Debug|Win32
		{733C7B27-AF16-4648-87BA-CAFC05D80B20}.Debug|x64.ActiveCfg = Debug|x64
		{733C7B27-AF16-4648-87BA-CAFC05D80B20}.Debug|x64.Build.0 = Debug|x64
		{733C7B27-AF16-4648-87BA-CAFC05D80B20}.Debug|x86.ActiveCfg = Debug|Win32
		{733C7B27-AF16-4648-87BA-CAFC05D80B20}.Debug|x86.Build.0 = Debug|Win32
		{733C7B27-AF16-4648-87BA-CAFC05D80B20}.Release|ARM.ActiveCfg = Release|Win32
		{733C7B27-AF16-4648-87BA-CAFC05D80B20}.Release|ARM64.ActiveCfg = Release|Win32
		{733C7B27-AF16-4648-87BA-CAFC05D80B20}.Release|Win32.ActiveCfg = Release|Win32
		{733C7B27-AF16-4648-87BA-CAFC05D80B20}.Release|Win32.Build.0 = Release|Win32
		{733C7B27-AF16-4648-87BA-CAFC05D80B20}.Release|x64.ActiveCfg = Release|x64
		{733C7B27-AF16-4648-87BA-CAFC05D80B20}.Release|x64.Build.0 = Release|x64
		{733C7B27-AF16-4648-87BA-CAFC05D80B20}.Release|x86.ActiveCfg = Release|Win32
		{733C7B27-AF16-4648-87BA-CAFC05D80B20}.Release|x86.Build.0 = Release|Win32
		{C91312CA-303A-40DA-8B30-73254138A13C}.Debug|ARM.ActiveCfg = Debug|Win32
		{C91312CA-303A-40DA-8B30-73254138A13C}.Debug|ARM64.ActiveCfg = Debug|Win32
		{C91312CA-303A-40DA-8B30-73254138A13C}.Debug|Win32.ActiveCfg = Debug|Win32
		{C91312CA-303A-40DA-8B30-73254138A13C}.Debug|Win32.Build.0 = Debug|Win32
		{C91312CA-303A-40DA-8B30-73254138A13C}.Debug|x64.ActiveCfg = Debug|x64
		{C91312CA-303A-40DA-8B30-73254138A13C}.Debug|x64.Build.0 = Debug|x64
		{C91312CA-303A-40DA-8B30-73254138A13C}.Debug|x86.ActiveCfg = Debug|Win32
		{C91312CA-303A-40DA-8B30-73254138A13C}.Debug|x86.Build.0 = Debug|Win32
		{C91312CA-303A-40DA-8B30-73254138A13C}.Release|ARM.ActiveCfg = Release|Win32
		{C91312CA-303A-40DA-8B30-73254138A13C}.Release|ARM64.ActiveCfg = Release|Win32
		{C91312CA-303A-40DA-8B30-73254138A13C}.Release|Win32.ActiveCfg = Release|Win32
		{C91312CA-303A-40DA-8B30-73254138A13C}.Release|Win32.Build.0 = Release|Win32
		{C91312CA-303A-40DA-8B30-73254138A13C}.Release|x64.ActiveCfg = Release|x64
		{C91312CA-303A-40DA-8B30-73254138A13C}.Release|x64.Build.0 = Release|x64
		{C91312CA-303A-40DA-8B30-73254138A13C}.Release|x86.ActiveCfg = Release|Win32
		{C91312CA-303A-40DA-8B30-73254138A13C}.Release|x86.Build.0 = Release|Win32
	EndGlobalSection
	GlobalSection(SolutionProperties) = preSolution
		HideSolutionNode = FALSE
	EndGlobalSection
	GlobalSection(ExtensibilityGlobals) = postSolution
		SolutionGuid = {3A4BE646-9C6E-4124-91F1-F162543ACE89}
	EndGlobalSection
EndGlobal
