
Microsoft Visual Studio Solution File, Format Version 12.00
# Visual Studio Version 16
VisualStudioVersion = 16.0.30204.135
MinimumVisualStudioVersion = 10.0.40219.1
Project("{8BC9CEB8-8B4A-11D0-8D11-00A0C91BC942}") = "P.M.U.T", "P.M.U.T\P.M.U.T.vcxproj", "{6FF57CFE-3B50-4728-A573-5621D807EA27}"
EndProject
Project("{8BC9CEB8-8B4A-11D0-8D11-00A0C91BC942}") = "HLnet", "Network\Network.vcxproj", "{92307898-3219-4590-802E-3AD4A6F18FA8}"
EndProject
Global
	GlobalSection(SolutionConfigurationPlatforms) = preSolution
		Debug|ARM = Debug|ARM
		Debug|ARM64 = Debug|ARM64
		Debug|Win32 = Debug|Win32
		Debug|x64 = Debug|x64
		Debug|x86 = Debug|x86
		Release|ARM = Release|ARM
		Release|ARM64 = Release|ARM64
		Release|Win32 = Release|Win32
		Release|x64 = Release|x64
		Release|x86 = Release|x86
	EndGlobalSection
	GlobalSection(ProjectConfigurationPlatforms) = postSolution
		{6FF57CFE-3B50-4728-A573-5621D807EA27}.Debug|ARM.ActiveCfg = Debug|ARM
		{6FF57CFE-3B50-4728-A573-5621D807EA27}.Debug|ARM.Build.0 = Debug|ARM
		{6FF57CFE-3B50-4728-A573-5621D807EA27}.Debug|ARM64.ActiveCfg = Debug|ARM64
		{6FF57CFE-3B50-4728-A573-5621D807EA27}.Debug|ARM64.Build.0 = Debug|ARM64
		{6FF57CFE-3B50-4728-A573-5621D807EA27}.Debug|Win32.ActiveCfg = Debug|Win32
		{6FF57CFE-3B50-4728-A573-5621D807EA27}.Debug|Win32.Build.0 = Debug|Win32
		{6FF57CFE-3B50-4728-A573-5621D807EA27}.Debug|x64.ActiveCfg = Debug|x64
		{6FF57CFE-3B50-4728-A573-5621D807EA27}.Debug|x64.Build.0 = Debug|x64
		{6FF57CFE-3B50-4728-A573-5621D807EA27}.Debug|x86.ActiveCfg = Debug|Win32
		{6FF57CFE-3B50-4728-A573-5621D807EA27}.Debug|x86.Build.0 = Debug|Win32
		{6FF57CFE-3B50-4728-A573-5621D807EA27}.Release|ARM.ActiveCfg = Release|ARM
		{6FF57CFE-3B50-4728-A573-5621D807EA27}.Release|ARM.Build.0 = Release|ARM
		{6FF57CFE-3B50-4728-A573-5621D807EA27}.Release|ARM64.ActiveCfg = Release|ARM64
		{6FF57CFE-3B50-4728-A573-5621D807EA27}.Release|ARM64.Build.0 = Release|ARM64
		{6FF57CFE-3B50-4728-A573-5621D807EA27}.Release|Win32.ActiveCfg = Release|Win32
		{6FF57CFE-3B50-4728-A573-5621D807EA27}.Release|Win32.Build.0 = Release|Win32
		{6FF57CFE-3B50-4728-A573-5621D807EA27}.Release|x64.ActiveCfg = Release|x64
		{6FF57CFE-3B50-4728-A573-5621D807EA27}.Release|x64.Build.0 = Release|x64
		{6FF57CFE-3B50-4728-A573-5621D807EA27}.Release|x86.ActiveCfg = Release|Win32
		{6FF57CFE-3B50-4728-A573-5621D807EA27}.Release|x86.Build.0 = Release|Win32
		{92307898-3219-4590-802E-3AD4A6F18FA8}.Debug|ARM.ActiveCfg = Debug|ARM
		{92307898-3219-4590-802E-3AD4A6F18FA8}.Debug|ARM.Build.0 = Debug|ARM
		{92307898-3219-4590-802E-3AD4A6F18FA8}.Debug|ARM64.ActiveCfg = Debug|ARM64
		{92307898-3219-4590-802E-3AD4A6F18FA8}.Debug|ARM64.Build.0 = Debug|ARM64
		{92307898-3219-4590-802E-3AD4A6F18FA8}.Debug|Win32.ActiveCfg = Debug|Win32
		{92307898-3219-4590-802E-3AD4A6F18FA8}.Debug|Win32.Build.0 = Debug|Win32
		{92307898-3219-4590-802E-3AD4A6F18FA8}.Debug|x64.ActiveCfg = Debug|x64
		{92307898-3219-4590-802E-3AD4A6F18FA8}.Debug|x64.Build.0 = Debug|x64
		{92307898-3219-4590-802E-3AD4A6F18FA8}.Debug|x86.ActiveCfg = Debug|Win32
		{92307898-3219-4590-802E-3AD4A6F18FA8}.Debug|x86.Build.0 = Debug|Win32
		{92307898-3219-4590-802E-3AD4A6F18FA8}.Release|ARM.ActiveCfg = Release|ARM
		{92307898-3219-4590-802E-3AD4A6F18FA8}.Release|ARM.Build.0 = Release|ARM
		{92307898-3219-4590-802E-3AD4A6F18FA8}.Release|ARM64.ActiveCfg = Release|ARM64
		{92307898-3219-4590-802E-3AD4A6F18FA8}.Release|ARM64.Build.0 = Release|ARM64
		{92307898-3219-4590-802E-3AD4A6F18FA8}.Release|Win32.ActiveCfg = Release|Win32
		{92307898-3219-4590-802E-3AD4A6F18FA8}.Release|Win32.Build.0 = Release|Win32
		{92307898-3219-4590-802E-3AD4A6F18FA8}.Release|x64.ActiveCfg = Release|x64
		{92307898-3219-4590-802E-3AD4A6F18FA8}.Release|x64.Build.0 = Release|x64
		{92307898-3219-4590-802E-3AD4A6F18FA8}.Release|x86.ActiveCfg = Release|Win32
		{92307898-3219-4590-802E-3AD4A6F18FA8}.Release|x86.Build.0 = Release|Win32
	EndGlobalSection
	GlobalSection(SolutionProperties) = preSolution
		HideSolutionNode = FALSE
	EndGlobalSection
	GlobalSection(ExtensibilityGlobals) = postSolution
		SolutionGuid = {3A4BE646-9C6E-4124-91F1-F162543ACE89}
	EndGlobalSection
EndGlobal
